# THIS IS AN AUTOGENERATED FILE. DO NOT EDIT THIS FILE DIRECTLY.
# yarn lockfile v1


codemirror@^5.58.3:
  version "5.58.3"
  resolved "https://registry.yarnpkg.com/codemirror/-/codemirror-5.58.3.tgz#3f0689854ecfbed5d4479a98b96148b2c3b79796"
  integrity sha512-KBhB+juiyOOgn0AqtRmWyAT3yoElkuvWTI6hsHa9E6GQrl6bk/fdAYcvuqW1/upO9T9rtEtapWdw4XYcNiVDEA==

lodash-es@^4.17.20:
  version "4.17.20"
  resolved "https://registry.yarnpkg.com/lodash-es/-/lodash-es-4.17.20.tgz#29f6332eefc60e849f869c264bc71126ad61e8f7"
  integrity sha512-JD1COMZsq8maT6mnuz1UMV0jvYD0E0aUsSOdrr1/nAG3dhqQXwRRgeW0cSqH1U43INKcqxaiVIQNOUDld7gRDA==

prettier@^2.2.1:
  version "2.2.1"
  resolved "https://registry.yarnpkg.com/prettier/-/prettier-2.2.1.tgz#795a1a78dd52f073da0cd42b21f9c91381923ff5"
  integrity sha512-PqyhM2yCjg/oKkFPtTGUojv7gnZAoG80ttl45O6x2Ug/rMJw4wcc9k6aaf2hibP7BGVCCM33gZoGjyvt9mm16Q==
